
Microsoft Visual Studio Solution File, Format Version 12.00
# Visual Studio Version 17
VisualStudioVersion = 17.2.32616.157
MinimumVisualStudioVersion = 10.0.40219.1
Project("{FAE04EC0-301F-11D3-BF4B-00C04F79EFBC}") = "xunit-example", "xunit-example\xunit-example.csproj", "{16F9FF3E-3211-4D43-AD3A-B8D3ADFC6F5D}"
EndProject
Project("{FAE04EC0-301F-11D3-BF4B-00C04F79EFBC}") = "xunit-example-test", "xunit-example-test\xunit-example-test.csproj", "{3B2E1818-B1D6-4AB8-A394-B6244F82C82D}"
EndProject
Global
	GlobalSection(SolutionConfigurationPlatforms) = preSolution
		Debug|Any CPU = Debug|Any CPU
		Release|Any CPU = Release|Any CPU
	EndGlobalSection
	GlobalSection(ProjectConfigurationPlatforms) = postSolution
		{16F9FF3E-3211-4D43-AD3A-B8D3ADFC6F5D}.Debug|Any CPU.ActiveCfg = Debug|Any CPU
		{16F9FF3E-3211-4D43-AD3A-B8D3ADFC6F5D}.Debug|Any CPU.Build.0 = Debug|Any CPU
		{16F9FF3E-3211-4D43-AD3A-B8D3ADFC6F5D}.Release|Any CPU.ActiveCfg = Release|Any CPU
		{16F9FF3E-3211-4D43-AD3A-B8D3ADFC6F5D}.Release|Any CPU.Build.0 = Release|Any CPU
		{3B2E1818-B1D6-4AB8-A394-B6244F82C82D}.Debug|Any CPU.ActiveCfg = Debug|Any CPU
		{3B2E1818-B1D6-4AB8-A394-B6244F82C82D}.Debug|Any CPU.Build.0 = Debug|Any CPU
		{3B2E1818-B1D6-4AB8-A394-B6244F82C82D}.Release|Any CPU.ActiveCfg = Release|Any CPU
		{3B2E1818-B1D6-4AB8-A394-B6244F82C82D}.Release|Any CPU.Build.0 = Release|Any CPU
	EndGlobalSection
	GlobalSection(SolutionProperties) = preSolution
		HideSolutionNode = FALSE
	EndGlobalSection
	GlobalSection(ExtensibilityGlobals) = postSolution
		SolutionGuid = {C08C28BB-BD91-4B4E-B15D-01D0C605E6CA}
	EndGlobalSection
EndGlobal
